# THIS IS AN AUTOGENERATED FILE. DO NOT EDIT THIS FILE DIRECTLY.
# yarn lockfile v1


"@adobe/css-tools@^4.0.1":
  "integrity" "sha512-Ff9+ksdQQB3rMncgqDK78uLznstjyfIf2Arnh22pW8kBpLs6rpKDwgnZT46hin5Hl1WzazzK64DOrhSwYpS7bQ=="
  "resolved" "https://registry.npmjs.org/@adobe/css-tools/-/css-tools-4.4.0.tgz"
  "version" "4.4.0"

"@babel/code-frame@^7.10.4":
  "integrity" "sha512-BcYH1CVJBO9tvyIZ2jVeXgSIMvGZ2FDRvDdOIVQyuklNKSsx+eppDEBq/g47Ayw+RqNFE+URvOShmf+f/qwAlA=="
  "resolved" "https://registry.npmjs.org/@babel/code-frame/-/code-frame-7.24.7.tgz"
  "version" "7.24.7"
  dependencies:
    "@babel/highlight" "^7.24.7"
    "picocolors" "^1.0.0"

"@babel/helper-validator-identifier@^7.24.7":
  "integrity" "sha512-rR+PBcQ1SMQDDyF6X0wxtG8QyLCgUB0eRAGguqRLfkCA87l7yAP7ehq8SNj96OOGTO8OBV70KhuFYcIkHXOg0w=="
  "resolved" "https://registry.npmjs.org/@babel/helper-validator-identifier/-/helper-validator-identifier-7.24.7.tgz"
  "version" "7.24.7"

"@babel/highlight@^7.24.7":
  "integrity" "sha512-EStJpq4OuY8xYfhGVXngigBJRWxftKX9ksiGDnmlY3o7B/V7KIAc9X4oiK87uPJSc/vs5L869bem5fhZa8caZw=="
  "resolved" "https://registry.npmjs.org/@babel/highlight/-/highlight-7.24.7.tgz"
  "version" "7.24.7"
  dependencies:
    "@babel/helper-validator-identifier" "^7.24.7"
    "chalk" "^2.4.2"
    "js-tokens" "^4.0.0"
    "picocolors" "^1.0.0"

"@babel/runtime@^7.12.5", "@babel/runtime@^7.9.2":
  "integrity" "sha512-DSgLeL/FNcpXuzav5wfYvHCGvynXkJbn3Zvc3823AEe9nPwW9IK4UoCSS5yGymmQzN0pCPvivtgS6/8U2kkm1w=="
  "resolved" "https://registry.npmjs.org/@babel/runtime/-/runtime-7.25.4.tgz"
  "version" "7.25.4"
  dependencies:
    "regenerator-runtime" "^0.14.0"

"@emotion/is-prop-valid@*", "@emotion/is-prop-valid@1.2.2":
  "integrity" "sha512-uNsoYd37AFmaCdXlg6EYD1KaPOaRWRByMCYzbKUX4+hhMfrxdVSelShywL4JVaAeM/eHUOSprYBQls+/neX3pw=="
  "resolved" "https://registry.npmjs.org/@emotion/is-prop-valid/-/is-prop-valid-1.2.2.tgz"
  "version" "1.2.2"
  dependencies:
    "@emotion/memoize" "^0.8.1"

"@emotion/memoize@^0.8.1":
  "integrity" "sha512-W2P2c/VRW1/1tLox0mVUalvnWXxavmv/Oum2aPsRcoDJuob75FC3Y8FbpfLwUegRcxINtGUMPq0tFCvYNTBXNA=="
  "resolved" "https://registry.npmjs.org/@emotion/memoize/-/memoize-0.8.1.tgz"
  "version" "0.8.1"

"@emotion/unitless@0.8.1":
  "integrity" "sha512-KOEGMu6dmJZtpadb476IsZBclKvILjopjUii3V+7MnXIQCYh8W3NgNcgwo21n9LXZX6EDIKvqfjYxXebDwxKmQ=="
  "resolved" "https://registry.npmjs.org/@emotion/unitless/-/unitless-0.8.1.tgz"
  "version" "0.8.1"

"@img/sharp-darwin-arm64@0.33.5":
  "integrity" "sha512-UT4p+iz/2H4twwAoLCqfA9UH5pI6DggwKEGuaPy7nCVQ8ZsiY5PIcrRvD1DzuY3qYL07NtIQcWnBSY/heikIFQ=="
  "resolved" "https://registry.npmjs.org/@img/sharp-darwin-arm64/-/sharp-darwin-arm64-0.33.5.tgz"
  "version" "0.33.5"
  optionalDependencies:
    "@img/sharp-libvips-darwin-arm64" "1.0.4"

"@img/sharp-libvips-darwin-arm64@1.0.4":
  "integrity" "sha512-XblONe153h0O2zuFfTAbQYAX2JhYmDHeWikp1LM9Hul9gVPjFY427k6dFEcOL72O01QxQsWi761svJ/ev9xEDg=="
  "resolved" "https://registry.npmjs.org/@img/sharp-libvips-darwin-arm64/-/sharp-libvips-darwin-arm64-1.0.4.tgz"
  "version" "1.0.4"

"@next/env@15.0.1":
  "integrity" "sha512-lc4HeDUKO9gxxlM5G2knTRifqhsY6yYpwuHspBZdboZe0Gp+rZHBNNSIjmQKDJIdRXiXGyVnSD6gafrbQPvILQ=="
  "resolved" "https://registry.npmjs.org/@next/env/-/env-15.0.1.tgz"
  "version" "15.0.1"

"@next/swc-darwin-arm64@15.0.1":
  "integrity" "sha512-C9k/Xv4sxkQRTA37Z6MzNq3Yb1BJMmSqjmwowoWEpbXTkAdfOwnoKOpAb71ItSzoA26yUTIo6ZhN8rKGu4ExQw=="
  "resolved" "https://registry.npmjs.org/@next/swc-darwin-arm64/-/swc-darwin-arm64-15.0.1.tgz"
  "version" "15.0.1"

"@react-oauth/google@^0.12.1":
  "integrity" "sha512-qagsy22t+7UdkYAiT5ZhfM4StXi9PPNvw0zuwNmabrWyMKddczMtBIOARflbaIj+wHiQjnMAsZmzsUYuXeyoSg=="
  "resolved" "https://registry.npmjs.org/@react-oauth/google/-/google-0.12.1.tgz"
  "version" "0.12.1"

"@swc/counter@0.1.3":
  "integrity" "sha512-e2BR4lsJkkRlKZ/qCHPw9ZaSxc0MVUd7gtbtaB7aMvHeJVYe8sOB8DBZkP2DtISHGSku9sCK6T6cnY0CtXrOCQ=="
  "resolved" "https://registry.npmjs.org/@swc/counter/-/counter-0.1.3.tgz"
  "version" "0.1.3"

"@swc/helpers@0.5.13":
  "integrity" "sha512-UoKGxQ3r5kYI9dALKJapMmuK+1zWM/H17Z1+iwnNmzcJRnfFuevZs375TA5rW31pu4BS4NoSy1fRsexDXfWn5w=="
  "resolved" "https://registry.npmjs.org/@swc/helpers/-/helpers-0.5.13.tgz"
  "version" "0.5.13"
  dependencies:
    "tslib" "^2.4.0"

"@tanstack/query-core@5.52.2":
  "integrity" "sha512-9vvbFecK4A0nDnrc/ks41e3UHONF1DAnGz8Tgbxkl59QcvKWmc0ewhYuIKRh8NC4ja5LTHT9EH16KHbn2AIYWA=="
  "resolved" "https://registry.npmjs.org/@tanstack/query-core/-/query-core-5.52.2.tgz"
  "version" "5.52.2"

"@tanstack/react-query@^5.52.2":
  "integrity" "sha512-d4OwmobpP+6+SvuAxW1RzAY95Pv87Gu+0GjtErzFOUXo+n0FGcwxKvzhswCsXKxsgnAr3bU2eJ2u+GXQAutkCQ=="
  "resolved" "https://registry.npmjs.org/@tanstack/react-query/-/react-query-5.52.2.tgz"
  "version" "5.52.2"
  dependencies:
    "@tanstack/query-core" "5.52.2"

"@testing-library/dom@^8.5.0":
  "integrity" "sha512-/DiOQ5xBxgdYRC8LNk7U+RWat0S3qRLeIw3ZIkMQ9kkVlRmwD/Eg8k8CqIpD6GW7u20JIUOfMKbxtiLutpjQ4g=="
  "resolved" "https://registry.npmjs.org/@testing-library/dom/-/dom-8.20.1.tgz"
  "version" "8.20.1"
  dependencies:
    "@babel/code-frame" "^7.10.4"
    "@babel/runtime" "^7.12.5"
    "@types/aria-query" "^5.0.1"
    "aria-query" "5.1.3"
    "chalk" "^4.1.0"
    "dom-accessibility-api" "^0.5.9"
    "lz-string" "^1.5.0"
    "pretty-format" "^27.0.2"

"@testing-library/dom@>=7.21.4":
  "integrity" "sha512-pemlzrSESWbdAloYml3bAJMEfNh1Z7EduzqPKprCH5S341frlpYnUEW0H72dLxa6IsYr+mPno20GiSm+h9dEdQ=="
  "resolved" "https://registry.npmjs.org/@testing-library/dom/-/dom-10.4.0.tgz"
  "version" "10.4.0"
  dependencies:
    "@babel/code-frame" "^7.10.4"
    "@babel/runtime" "^7.12.5"
    "@types/aria-query" "^5.0.1"
    "aria-query" "5.3.0"
    "chalk" "^4.1.0"
    "dom-accessibility-api" "^0.5.9"
    "lz-string" "^1.5.0"
    "pretty-format" "^27.0.2"

"@testing-library/jest-dom@^5.17.0":
  "integrity" "sha512-ynmNeT7asXyH3aSVv4vvX4Rb+0qjOhdNHnO/3vuZNqPmhDpV/+rCSGwQ7bLcmU2cJ4dvoheIO85LQj0IbJHEtg=="
  "resolved" "https://registry.npmjs.org/@testing-library/jest-dom/-/jest-dom-5.17.0.tgz"
  "version" "5.17.0"
  dependencies:
    "@adobe/css-tools" "^4.0.1"
    "@babel/runtime" "^7.9.2"
    "@types/testing-library__jest-dom" "^5.9.1"
    "aria-query" "^5.0.0"
    "chalk" "^3.0.0"
    "css.escape" "^1.5.1"
    "dom-accessibility-api" "^0.5.6"
    "lodash" "^4.17.15"
    "redent" "^3.0.0"

"@testing-library/react@^13.4.0":
  "integrity" "sha512-sXOGON+WNTh3MLE9rve97ftaZukN3oNf2KjDy7YTx6hcTO2uuLHuCGynMDhFwGw/jYf4OJ2Qk0i4i79qMNNkyw=="
  "resolved" "https://registry.npmjs.org/@testing-library/react/-/react-13.4.0.tgz"
  "version" "13.4.0"
  dependencies:
    "@babel/runtime" "^7.12.5"
    "@testing-library/dom" "^8.5.0"
    "@types/react-dom" "^18.0.0"

"@testing-library/user-event@^13.5.0":
  "integrity" "sha512-5Kwtbo3Y/NowpkbRuSepbyMFkZmHgD+vPzYB/RJ4oxt5Gj/avFFBYjhw27cqSVPVw/3a67NK1PbiIr9k4Gwmdg=="
  "resolved" "https://registry.npmjs.org/@testing-library/user-event/-/user-event-13.5.0.tgz"
  "version" "13.5.0"
  dependencies:
    "@babel/runtime" "^7.12.5"

"@types/aria-query@^5.0.1":
  "integrity" "sha512-rfT93uj5s0PRL7EzccGMs3brplhcrghnDoV26NqKhCAS1hVo+WdNsPvE/yb6ilfr5hi2MEk6d5EWJTKdxg8jVw=="
  "resolved" "https://registry.npmjs.org/@types/aria-query/-/aria-query-5.0.4.tgz"
  "version" "5.0.4"

"@types/jest@*", "@types/jest@^27.5.2":
  "integrity" "sha512-mpT8LJJ4CMeeahobofYWIjFo0xonRS/HfxnVEPMPFSQdGUt1uHCnoPT7Zhb+sjDU2wz0oKV0OLUR0WzrHNgfeA=="
  "resolved" "https://registry.npmjs.org/@types/jest/-/jest-27.5.2.tgz"
  "version" "27.5.2"
  dependencies:
    "jest-matcher-utils" "^27.0.0"
    "pretty-format" "^27.0.0"

"@types/node@^16.18.106":
  "integrity" "sha512-YTgQUcpdXRc7iiEMutkkXl9WUx5lGUCVYvnfRg9CV+IA4l9epctEhCTbaw4KgzXaKYv8emvFJkEM65+MkNUhsQ=="
  "resolved" "https://registry.npmjs.org/@types/node/-/node-16.18.106.tgz"
  "version" "16.18.106"

"@types/prop-types@*":
  "integrity" "sha512-5zvhXYtRNRluoE/jAp4GVsSduVUzNWKkOZrCDBWYtE7biZywwdC2AcEzg+cSMLFRfVgeAFqpfNabiPjxFddV1Q=="
  "resolved" "https://registry.npmjs.org/@types/prop-types/-/prop-types-15.7.12.tgz"
  "version" "15.7.12"

"@types/react-dom@^18.0.0", "@types/react-dom@^18.3.0":
  "integrity" "sha512-EhwApuTmMBmXuFOikhQLIBUn6uFg81SwLMOAUgodJF14SOBOCMdU04gDoYi0WOJJHD144TL32z4yDqCW3dnkQg=="
  "resolved" "https://registry.npmjs.org/@types/react-dom/-/react-dom-18.3.0.tgz"
  "version" "18.3.0"
  dependencies:
    "@types/react" "*"

"@types/react@*", "@types/react@^18.3.4", "@types/react@>=16.8":
  "integrity" "sha512-J7W30FTdfCxDDjmfRM+/JqLHBIyl7xUIp9kwK637FGmY7+mkSFSe6L4jpZzhj5QMfLssSDP4/i75AKkrdC7/Jw=="
  "resolved" "https://registry.npmjs.org/@types/react/-/react-18.3.4.tgz"
  "version" "18.3.4"
  dependencies:
    "@types/prop-types" "*"
    "csstype" "^3.0.2"

"@types/stylis@4.2.5":
  "integrity" "sha512-1Xve+NMN7FWjY14vLoY5tL3BVEQ/n42YLwaqJIPYhotZ9uBHt87VceMwWQpzmdEt2TNXIorIFG+YeCUUW7RInw=="
  "resolved" "https://registry.npmjs.org/@types/stylis/-/stylis-4.2.5.tgz"
  "version" "4.2.5"

"@types/testing-library__jest-dom@^5.9.1":
  "integrity" "sha512-FSYhIjFlfOpGSRyVoMBMuS3ws5ehFQODymf3vlI7U1K8c7PHwWwFY7VREfmsuzHSOnoKs/9/Y983ayOs7eRzqw=="
  "resolved" "https://registry.npmjs.org/@types/testing-library__jest-dom/-/testing-library__jest-dom-5.14.9.tgz"
  "version" "5.14.9"
  dependencies:
    "@types/jest" "*"

"ansi-regex@^5.0.1":
  "integrity" "sha512-quJQXlTSUGL2LH9SUXo8VwsY4soanhgo6LNSm84E1LBcE8s3O0wpdiRzyR9z/ZZJMlMWv37qOOb9pdJlMUEKFQ=="
  "resolved" "https://registry.npmjs.org/ansi-regex/-/ansi-regex-5.0.1.tgz"
  "version" "5.0.1"

"ansi-styles@^3.2.1":
  "integrity" "sha512-VT0ZI6kZRdTh8YyJw3SMbYm/u+NqfsAxEpWO0Pf9sq8/e94WxxOpPKx9FR1FlyCtOVDNOQ+8ntlqFxiRc+r5qA=="
  "resolved" "https://registry.npmjs.org/ansi-styles/-/ansi-styles-3.2.1.tgz"
  "version" "3.2.1"
  dependencies:
    "color-convert" "^1.9.0"

"ansi-styles@^4.1.0":
  "integrity" "sha512-zbB9rCJAT1rbjiVDb2hqKFHNYLxgtk8NURxZ3IZwD3F6NtxbXZQCnnSi1Lkx+IDohdPlFp222wVALIheZJQSEg=="
  "resolved" "https://registry.npmjs.org/ansi-styles/-/ansi-styles-4.3.0.tgz"
  "version" "4.3.0"
  dependencies:
    "color-convert" "^2.0.1"

"ansi-styles@^5.0.0":
  "integrity" "sha512-Cxwpt2SfTzTtXcfOlzGEee8O+c+MmUgGrNiBcXnuWxuFJHe6a5Hz7qwhwe5OgaSYI0IJvkLqWX1ASG+cJOkEiA=="
  "resolved" "https://registry.npmjs.org/ansi-styles/-/ansi-styles-5.2.0.tgz"
  "version" "5.2.0"

"aria-query@^5.0.0", "aria-query@5.1.3":
  "integrity" "sha512-R5iJ5lkuHybztUfuOAznmboyjWq8O6sqNqtK7CLOqdydi54VNbORp49mb14KbWgG1QD3JFO9hJdZ+y4KutfdOQ=="
  "resolved" "https://registry.npmjs.org/aria-query/-/aria-query-5.1.3.tgz"
  "version" "5.1.3"
  dependencies:
    "deep-equal" "^2.0.5"

"aria-query@5.3.0":
  "integrity" "sha512-b0P0sZPKtyu8HkeRAfCq0IfURZK+SuwMjY1UXGBU27wpAiTwQAIlq56IbIO+ytk/JjS1fMR14ee5WBBfKi5J6A=="
  "resolved" "https://registry.npmjs.org/aria-query/-/aria-query-5.3.0.tgz"
  "version" "5.3.0"
  dependencies:
    "dequal" "^2.0.3"

"array-buffer-byte-length@^1.0.0":
  "integrity" "sha512-ahC5W1xgou+KTXix4sAO8Ki12Q+jf4i0+tmk3sC+zgcynshkHxzpXdImBehiUYKKKDwvfFiJl1tZt6ewscS1Mg=="
  "resolved" "https://registry.npmjs.org/array-buffer-byte-length/-/array-buffer-byte-length-1.0.1.tgz"
  "version" "1.0.1"
  dependencies:
    "call-bind" "^1.0.5"
    "is-array-buffer" "^3.0.4"

"asynckit@^0.4.0":
  "integrity" "sha512-Oei9OH4tRh0YqU3GxhX79dM/mwVgvbZJaSNaRk+bshkj0S5cfHcgYakreBjrHwatXKbz+IoIdYLxrKim2MjW0Q=="
  "resolved" "https://registry.npmjs.org/asynckit/-/asynckit-0.4.0.tgz"
  "version" "0.4.0"

"available-typed-arrays@^1.0.7":
  "integrity" "sha512-wvUjBtSGN7+7SjNpq/9M2Tg350UZD3q62IFZLbRAR1bSMlCo1ZaeW+BJ+D090e4hIIZLBcTDWe4Mh4jvUDajzQ=="
  "resolved" "https://registry.npmjs.org/available-typed-arrays/-/available-typed-arrays-1.0.7.tgz"
  "version" "1.0.7"
  dependencies:
    "possible-typed-array-names" "^1.0.0"

"axios@^1.7.7":
  "integrity" "sha512-S4kL7XrjgBmvdGut0sN3yJxqYzrDOnivkBiN0OFs6hLiUam3UPvswUo0kqGyhqUZGEOytHyumEdXsAkgCOUf3Q=="
  "resolved" "https://registry.npmjs.org/axios/-/axios-1.7.7.tgz"
  "version" "1.7.7"
  dependencies:
    "follow-redirects" "^1.15.6"
    "form-data" "^4.0.0"
    "proxy-from-env" "^1.1.0"

"busboy@1.6.0":
  "integrity" "sha512-8SFQbg/0hQ9xy3UNTB0YEnsNBbWfhf7RtnzpL7TkBiTBRfrQ9Fxcnz7VJsleJpyp6rVLvXiuORqjlHi5q+PYuA=="
  "resolved" "https://registry.npmjs.org/busboy/-/busboy-1.6.0.tgz"
  "version" "1.6.0"
  dependencies:
    "streamsearch" "^1.1.0"

"call-bind@^1.0.2", "call-bind@^1.0.5", "call-bind@^1.0.6", "call-bind@^1.0.7":
  "integrity" "sha512-GHTSNSYICQ7scH7sZ+M2rFopRoLh8t2bLSW6BbgrtLsahOIB5iyAVJf9GjWK3cYTDaMj4XdBpM1cA6pIS0Kv2w=="
  "resolved" "https://registry.npmjs.org/call-bind/-/call-bind-1.0.7.tgz"
  "version" "1.0.7"
  dependencies:
    "es-define-property" "^1.0.0"
    "es-errors" "^1.3.0"
    "function-bind" "^1.1.2"
    "get-intrinsic" "^1.2.4"
    "set-function-length" "^1.2.1"

"camelize@^1.0.0":
  "integrity" "sha512-dU+Tx2fsypxTgtLoE36npi3UqcjSSMNYfkqgmoEhtZrraP5VWq0K7FkWVTYa8eMPtnU/G2txVsfdCJTn9uzpuQ=="
  "resolved" "https://registry.npmjs.org/camelize/-/camelize-1.0.1.tgz"
  "version" "1.0.1"

"caniuse-lite@^1.0.30001579":
  "integrity" "sha512-XGWQVB8wFQ2+9NZwZ10GxTYC5hk0Fa+q8cSkr0tgvMhYhMHP/QC+WTgrePMDBWiWc/pV+1ik82Al20XOK25Gcw=="
  "resolved" "https://registry.npmjs.org/caniuse-lite/-/caniuse-lite-1.0.30001653.tgz"
  "version" "1.0.30001653"

"chalk@^2.4.2":
  "integrity" "sha512-Mti+f9lpJNcwF4tWV8/OrTTtF1gZi+f8FqlyAdouralcFWFQWF2+NgCHShjkCb+IFBLq9buZwE1xckQU4peSuQ=="
  "resolved" "https://registry.npmjs.org/chalk/-/chalk-2.4.2.tgz"
  "version" "2.4.2"
  dependencies:
    "ansi-styles" "^3.2.1"
    "escape-string-regexp" "^1.0.5"
    "supports-color" "^5.3.0"

"chalk@^3.0.0":
  "integrity" "sha512-4D3B6Wf41KOYRFdszmDqMCGq5VV/uMAB273JILmO+3jAlh8X4qDtdtgCR3fxtbLEMzSx22QdhnDcJvu2u1fVwg=="
  "resolved" "https://registry.npmjs.org/chalk/-/chalk-3.0.0.tgz"
  "version" "3.0.0"
  dependencies:
    "ansi-styles" "^4.1.0"
    "supports-color" "^7.1.0"

"chalk@^4.0.0":
  "integrity" "sha512-oKnbhFyRIXpUuez8iBMmyEa4nbj4IOQyuhc/wy9kY7/WVPcwIO9VA668Pu8RkO7+0G76SLROeyw9CpQ061i4mA=="
  "resolved" "https://registry.npmjs.org/chalk/-/chalk-4.1.2.tgz"
  "version" "4.1.2"
  dependencies:
    "ansi-styles" "^4.1.0"
    "supports-color" "^7.1.0"

"chalk@^4.1.0":
  "integrity" "sha512-oKnbhFyRIXpUuez8iBMmyEa4nbj4IOQyuhc/wy9kY7/WVPcwIO9VA668Pu8RkO7+0G76SLROeyw9CpQ061i4mA=="
  "resolved" "https://registry.npmjs.org/chalk/-/chalk-4.1.2.tgz"
  "version" "4.1.2"
  dependencies:
    "ansi-styles" "^4.1.0"
    "supports-color" "^7.1.0"

"client-only@0.0.1":
  "integrity" "sha512-IV3Ou0jSMzZrd3pZ48nLkT9DA7Ag1pnPzaiQhpW7c3RbcqqzvzzVu+L8gfqMp/8IM2MQtSiqaCxrrcfu8I8rMA=="
  "resolved" "https://registry.npmjs.org/client-only/-/client-only-0.0.1.tgz"
  "version" "0.0.1"

"color-convert@^1.9.0":
  "integrity" "sha512-QfAUtd+vFdAtFQcC8CCyYt1fYWxSqAiK2cSD6zDB8N3cpsEBAvRxp9zOGg6G/SHHJYAT88/az/IuDGALsNVbGg=="
  "resolved" "https://registry.npmjs.org/color-convert/-/color-convert-1.9.3.tgz"
  "version" "1.9.3"
  dependencies:
    "color-name" "1.1.3"

"color-convert@^2.0.1":
  "integrity" "sha512-RRECPsj7iu/xb5oKYcsFHSppFNnsj/52OVTRKb4zP5onXwVF3zVmmToNcOfGC+CRDpfK/U584fMg38ZHCaElKQ=="
  "resolved" "https://registry.npmjs.org/color-convert/-/color-convert-2.0.1.tgz"
  "version" "2.0.1"
  dependencies:
    "color-name" "~1.1.4"

"color-name@^1.0.0", "color-name@1.1.3":
  "integrity" "sha512-72fSenhMw2HZMTVHeCA9KCmpEIbzWiQsjN+BHcBbS9vr1mtt+vJjPdksIBNUmKAW8TFUDPJK5SUU3QhE9NEXDw=="
  "resolved" "https://registry.npmjs.org/color-name/-/color-name-1.1.3.tgz"
  "version" "1.1.3"

"color-name@~1.1.4":
  "integrity" "sha512-dOy+3AuW3a2wNbZHIuMZpTcgjGuLU/uBL/ubcZF9OXbDo8ff4O8yVp5Bf0efS8uEoYo5q4Fx7dY9OgQGXgAsQA=="
  "resolved" "https://registry.npmjs.org/color-name/-/color-name-1.1.4.tgz"
  "version" "1.1.4"

"color-string@^1.9.0":
  "integrity" "sha512-shrVawQFojnZv6xM40anx4CkoDP+fZsw/ZerEMsW/pyzsRbElpsL/DBVW7q3ExxwusdNXI3lXpuhEZkzs8p5Eg=="
  "resolved" "https://registry.npmjs.org/color-string/-/color-string-1.9.1.tgz"
  "version" "1.9.1"
  dependencies:
    "color-name" "^1.0.0"
    "simple-swizzle" "^0.2.2"

"color@^4.2.3":
  "integrity" "sha512-1rXeuUUiGGrykh+CeBdu5Ie7OJwinCgQY0bc7GCRxy5xVHy+moaqkpL/jqQq0MtQOeYcrqEz4abc5f0KtU7W4A=="
  "resolved" "https://registry.npmjs.org/color/-/color-4.2.3.tgz"
  "version" "4.2.3"
  dependencies:
    "color-convert" "^2.0.1"
    "color-string" "^1.9.0"

"combined-stream@^1.0.8":
  "integrity" "sha512-FQN4MRfuJeHf7cBbBMJFXhKSDq+2kAArBlmRBvcvFE5BB1HZKXtSFASDhdlz9zOYwxh8lDdnvmMOe/+5cdoEdg=="
  "resolved" "https://registry.npmjs.org/combined-stream/-/combined-stream-1.0.8.tgz"
  "version" "1.0.8"
  dependencies:
    "delayed-stream" "~1.0.0"

"css-color-keywords@^1.0.0":
  "integrity" "sha512-FyyrDHZKEjXDpNJYvVsV960FiqQyXc/LlYmsxl2BcdMb2WPx0OGRVgTg55rPSyLSNMqP52R9r8geSp7apN3Ofg=="
  "resolved" "https://registry.npmjs.org/css-color-keywords/-/css-color-keywords-1.0.0.tgz"
  "version" "1.0.0"

"css-to-react-native@3.2.0":
  "integrity" "sha512-e8RKaLXMOFii+02mOlqwjbD00KSEKqblnpO9e++1aXS1fPQOpS1YoqdVHBqPjHNoxeF2mimzVqawm2KCbEdtHQ=="
  "resolved" "https://registry.npmjs.org/css-to-react-native/-/css-to-react-native-3.2.0.tgz"
  "version" "3.2.0"
  dependencies:
    "camelize" "^1.0.0"
    "css-color-keywords" "^1.0.0"
    "postcss-value-parser" "^4.0.2"

"css.escape@^1.5.1":
  "integrity" "sha512-YUifsXXuknHlUsmlgyY0PKzgPOr7/FjCePfHNt0jxm83wHZi44VDMQ7/fGNkjY3/jV1MC+1CmZbaHzugyeRtpg=="
  "resolved" "https://registry.npmjs.org/css.escape/-/css.escape-1.5.1.tgz"
  "version" "1.5.1"

"csstype@^3.0.2", "csstype@3.1.3":
  "integrity" "sha512-M1uQkMl8rQK/szD0LNhtqxIPLpimGm8sOBwU7lLnCpSbTyY3yeU1Vc7l4KT5zT4s/yOxHH5O7tIuuLOCnLADRw=="
  "resolved" "https://registry.npmjs.org/csstype/-/csstype-3.1.3.tgz"
  "version" "3.1.3"

"deep-equal@^2.0.5":
  "integrity" "sha512-ZIwpnevOurS8bpT4192sqAowWM76JDKSHYzMLty3BZGSswgq6pBaH3DhCSW5xVAZICZyKdOBPjwww5wfgT/6PA=="
  "resolved" "https://registry.npmjs.org/deep-equal/-/deep-equal-2.2.3.tgz"
  "version" "2.2.3"
  dependencies:
    "array-buffer-byte-length" "^1.0.0"
    "call-bind" "^1.0.5"
    "es-get-iterator" "^1.1.3"
    "get-intrinsic" "^1.2.2"
    "is-arguments" "^1.1.1"
    "is-array-buffer" "^3.0.2"
    "is-date-object" "^1.0.5"
    "is-regex" "^1.1.4"
    "is-shared-array-buffer" "^1.0.2"
    "isarray" "^2.0.5"
    "object-is" "^1.1.5"
    "object-keys" "^1.1.1"
    "object.assign" "^4.1.4"
    "regexp.prototype.flags" "^1.5.1"
    "side-channel" "^1.0.4"
    "which-boxed-primitive" "^1.0.2"
    "which-collection" "^1.0.1"
    "which-typed-array" "^1.1.13"

"define-data-property@^1.0.1", "define-data-property@^1.1.4":
  "integrity" "sha512-rBMvIzlpA8v6E+SJZoo++HAYqsLrkg7MSfIinMPFhmkorw7X+dOXVJQs+QT69zGkzMyfDnIMN2Wid1+NbL3T+A=="
  "resolved" "https://registry.npmjs.org/define-data-property/-/define-data-property-1.1.4.tgz"
  "version" "1.1.4"
  dependencies:
    "es-define-property" "^1.0.0"
    "es-errors" "^1.3.0"
    "gopd" "^1.0.1"

"define-properties@^1.2.1":
  "integrity" "sha512-8QmQKqEASLd5nx0U1B1okLElbUuuttJ/AnYmRXbbbGDWh6uS208EjD4Xqq/I9wK7u0v6O08XhTWnt5XtEbR6Dg=="
  "resolved" "https://registry.npmjs.org/define-properties/-/define-properties-1.2.1.tgz"
  "version" "1.2.1"
  dependencies:
    "define-data-property" "^1.0.1"
    "has-property-descriptors" "^1.0.0"
    "object-keys" "^1.1.1"

"delayed-stream@~1.0.0":
  "integrity" "sha512-ZySD7Nf91aLB0RxL4KGrKHBXl7Eds1DAmEdcoVawXnLD7SDhpNgtuII2aAkg7a7QS41jxPSZ17p4VdGnMHk3MQ=="
  "resolved" "https://registry.npmjs.org/delayed-stream/-/delayed-stream-1.0.0.tgz"
  "version" "1.0.0"

"dequal@^2.0.3":
  "integrity" "sha512-0je+qPKHEMohvfRTCEo3CrPG6cAzAYgmzKyxRiYSSDkS6eGJdyVJm7WaYA5ECaAD9wLB2T4EEeymA5aFVcYXCA=="
  "resolved" "https://registry.npmjs.org/dequal/-/dequal-2.0.3.tgz"
  "version" "2.0.3"

"detect-libc@^2.0.3":
  "integrity" "sha512-bwy0MGW55bG41VqxxypOsdSdGqLwXPI/focwgTYCFMbdUiBAxLg9CFzG08sz2aqzknwiX7Hkl0bQENjg8iLByw=="
  "resolved" "https://registry.npmjs.org/detect-libc/-/detect-libc-2.0.3.tgz"
  "version" "2.0.3"

"diff-sequences@^27.5.1":
  "integrity" "sha512-k1gCAXAsNgLwEL+Y8Wvl+M6oEFj5bgazfZULpS5CneoPPXRaCCW7dm+q21Ky2VEE5X+VeRDBVg1Pcvvsr4TtNQ=="
  "resolved" "https://registry.npmjs.org/diff-sequences/-/diff-sequences-27.5.1.tgz"
  "version" "27.5.1"

"dom-accessibility-api@^0.5.6", "dom-accessibility-api@^0.5.9":
  "integrity" "sha512-X7BJ2yElsnOJ30pZF4uIIDfBEVgF4XEBxL9Bxhy6dnrm5hkzqmsWHGTiHqRiITNhMyFLyAiWndIJP7Z1NTteDg=="
  "resolved" "https://registry.npmjs.org/dom-accessibility-api/-/dom-accessibility-api-0.5.16.tgz"
  "version" "0.5.16"

"es-define-property@^1.0.0":
  "integrity" "sha512-jxayLKShrEqqzJ0eumQbVhTYQM27CfT1T35+gCgDFoL82JLsXqTJ76zv6A0YLOgEnLUMvLzsDsGIrl8NFpT2gQ=="
  "resolved" "https://registry.npmjs.org/es-define-property/-/es-define-property-1.0.0.tgz"
  "version" "1.0.0"
  dependencies:
    "get-intrinsic" "^1.2.4"

"es-errors@^1.3.0":
  "integrity" "sha512-Zf5H2Kxt2xjTvbJvP2ZWLEICxA6j+hAmMzIlypy4xcBg1vKVnx89Wy0GbS+kf5cwCVFFzdCFh2XSCFNULS6csw=="
  "resolved" "https://registry.npmjs.org/es-errors/-/es-errors-1.3.0.tgz"
  "version" "1.3.0"

"es-get-iterator@^1.1.3":
  "integrity" "sha512-sPZmqHBe6JIiTfN5q2pEi//TwxmAFHwj/XEuYjTuse78i8KxaqMTTzxPoFKuzRpDpTJ+0NAbpfenkmH2rePtuw=="
  "resolved" "https://registry.npmjs.org/es-get-iterator/-/es-get-iterator-1.1.3.tgz"
  "version" "1.1.3"
  dependencies:
    "call-bind" "^1.0.2"
    "get-intrinsic" "^1.1.3"
    "has-symbols" "^1.0.3"
    "is-arguments" "^1.1.1"
    "is-map" "^2.0.2"
    "is-set" "^2.0.2"
    "is-string" "^1.0.7"
    "isarray" "^2.0.5"
    "stop-iteration-iterator" "^1.0.0"

"escape-string-regexp@^1.0.5":
  "integrity" "sha512-vbRorB5FUQWvla16U8R/qgaFIya2qGzwDrNmCZuYKrbdSUMG6I1ZCGQRefkRVhuOkIGVne7BQ35DSfo1qvJqFg=="
  "resolved" "https://registry.npmjs.org/escape-string-regexp/-/escape-string-regexp-1.0.5.tgz"
  "version" "1.0.5"

"follow-redirects@^1.15.6":
  "integrity" "sha512-wWN62YITEaOpSK584EZXJafH1AGpO8RVgElfkuXbTOrPX4fIfOyEpW/CsiNd8JdYrAoOvafRTOEnvsO++qCqFA=="
  "resolved" "https://registry.npmjs.org/follow-redirects/-/follow-redirects-1.15.6.tgz"
  "version" "1.15.6"

"for-each@^0.3.3":
  "integrity" "sha512-jqYfLp7mo9vIyQf8ykW2v7A+2N4QjeCeI5+Dz9XraiO1ign81wjiH7Fb9vSOWvQfNtmSa4H2RoQTrrXivdUZmw=="
  "resolved" "https://registry.npmjs.org/for-each/-/for-each-0.3.3.tgz"
  "version" "0.3.3"
  dependencies:
    "is-callable" "^1.1.3"

"form-data@^4.0.0":
  "integrity" "sha512-ETEklSGi5t0QMZuiXoA/Q6vcnxcLQP5vdugSpuAyi6SVGi2clPPp+xgEhuMaHC+zGgn31Kd235W35f7Hykkaww=="
  "resolved" "https://registry.npmjs.org/form-data/-/form-data-4.0.0.tgz"
  "version" "4.0.0"
  dependencies:
    "asynckit" "^0.4.0"
    "combined-stream" "^1.0.8"
    "mime-types" "^2.1.12"

"framer-motion@^11.5.4":
  "integrity" "sha512-E+tb3/G6SO69POkdJT+3EpdMuhmtCh9EWuK4I1DnIC23L7tFPrl8vxP+LSovwaw6uUr73rUbpb4FgK011wbRJQ=="
  "resolved" "https://registry.npmjs.org/framer-motion/-/framer-motion-11.5.4.tgz"
  "version" "11.5.4"
  dependencies:
    "tslib" "^2.4.0"

"function-bind@^1.1.2":
  "integrity" "sha512-7XHNxH7qX9xG5mIwxkhumTox/MIRNcOgDrxWsMt2pAr23WHp6MrRlN7FBSFpCpr+oVO0F744iUgR82nJMfG2SA=="
  "resolved" "https://registry.npmjs.org/function-bind/-/function-bind-1.1.2.tgz"
  "version" "1.1.2"

"functions-have-names@^1.2.3":
  "integrity" "sha512-xckBUXyTIqT97tq2x2AMb+g163b5JFysYk0x4qxNFwbfQkmNZoiRHb6sPzI9/QV33WeuvVYBUIiD4NzNIyqaRQ=="
  "resolved" "https://registry.npmjs.org/functions-have-names/-/functions-have-names-1.2.3.tgz"
  "version" "1.2.3"

"get-intrinsic@^1.1.3", "get-intrinsic@^1.2.1", "get-intrinsic@^1.2.2", "get-intrinsic@^1.2.4":
  "integrity" "sha512-5uYhsJH8VJBTv7oslg4BznJYhDoRI6waYCxMmCdnTrcCrHA/fCFKoTFz2JKKE0HdDFUF7/oQuhzumXJK7paBRQ=="
  "resolved" "https://registry.npmjs.org/get-intrinsic/-/get-intrinsic-1.2.4.tgz"
  "version" "1.2.4"
  dependencies:
    "es-errors" "^1.3.0"
    "function-bind" "^1.1.2"
    "has-proto" "^1.0.1"
    "has-symbols" "^1.0.3"
    "hasown" "^2.0.0"

"gopd@^1.0.1":
  "integrity" "sha512-d65bNlIadxvpb/A2abVdlqKqV563juRnZ1Wtk6s1sIR8uNsXR70xqIzVqxVf1eTqDunwT2MkczEeaezCKTZhwA=="
  "resolved" "https://registry.npmjs.org/gopd/-/gopd-1.0.1.tgz"
  "version" "1.0.1"
  dependencies:
    "get-intrinsic" "^1.1.3"

"has-bigints@^1.0.1":
  "integrity" "sha512-tSvCKtBr9lkF0Ex0aQiP9N+OpV4zi2r/Nee5VkRDbaqv35RLYMzbwQfFSZZH0kR+Rd6302UJZ2p/bJCEoR3VoQ=="
  "resolved" "https://registry.npmjs.org/has-bigints/-/has-bigints-1.0.2.tgz"
  "version" "1.0.2"

"has-flag@^3.0.0":
  "integrity" "sha512-sKJf1+ceQBr4SMkvQnBDNDtf4TXpVhVGateu0t918bl30FnbE2m4vNLX+VWe/dpjlb+HugGYzW7uQXH98HPEYw=="
  "resolved" "https://registry.npmjs.org/has-flag/-/has-flag-3.0.0.tgz"
  "version" "3.0.0"

"has-flag@^4.0.0":
  "integrity" "sha512-EykJT/Q1KjTWctppgIAgfSO0tKVuZUjhgMr17kqTumMl6Afv3EISleU7qZUzoXDFTAHTDC4NOoG/ZxU3EvlMPQ=="
  "resolved" "https://registry.npmjs.org/has-flag/-/has-flag-4.0.0.tgz"
  "version" "4.0.0"

"has-property-descriptors@^1.0.0", "has-property-descriptors@^1.0.2":
  "integrity" "sha512-55JNKuIW+vq4Ke1BjOTjM2YctQIvCT7GFzHwmfZPGo5wnrgkid0YQtnAleFSqumZm4az3n2BS+erby5ipJdgrg=="
  "resolved" "https://registry.npmjs.org/has-property-descriptors/-/has-property-descriptors-1.0.2.tgz"
  "version" "1.0.2"
  dependencies:
    "es-define-property" "^1.0.0"

"has-proto@^1.0.1":
  "integrity" "sha512-SJ1amZAJUiZS+PhsVLf5tGydlaVB8EdFpaSO4gmiUKUOxk8qzn5AIy4ZeJUmh22znIdk/uMAUT2pl3FxzVUH+Q=="
  "resolved" "https://registry.npmjs.org/has-proto/-/has-proto-1.0.3.tgz"
  "version" "1.0.3"

"has-symbols@^1.0.2", "has-symbols@^1.0.3":
  "integrity" "sha512-l3LCuF6MgDNwTDKkdYGEihYjt5pRPbEg46rtlmnSPlUbgmB8LOIrKJbYYFBSbnPaJexMKtiPO8hmeRjRz2Td+A=="
  "resolved" "https://registry.npmjs.org/has-symbols/-/has-symbols-1.0.3.tgz"
  "version" "1.0.3"

"has-tostringtag@^1.0.0", "has-tostringtag@^1.0.2":
  "integrity" "sha512-NqADB8VjPFLM2V0VvHUewwwsw0ZWBaIdgo+ieHtK3hasLz4qeCRjYcqfB6AQrBggRKppKF8L52/VqdVsO47Dlw=="
  "resolved" "https://registry.npmjs.org/has-tostringtag/-/has-tostringtag-1.0.2.tgz"
  "version" "1.0.2"
  dependencies:
    "has-symbols" "^1.0.3"

"hasown@^2.0.0":
  "integrity" "sha512-0hJU9SCPvmMzIBdZFqNPXWa6dqh7WdH0cII9y+CyS8rG3nL48Bclra9HmKhVVUHyPWNH5Y7xDwAB7bfgSjkUMQ=="
  "resolved" "https://registry.npmjs.org/hasown/-/hasown-2.0.2.tgz"
  "version" "2.0.2"
  dependencies:
    "function-bind" "^1.1.2"

"immer@>=9.0.6":
  "integrity" "sha512-bc4NBHqOqSfRW7POMkHd51LvClaeMXpm8dx0e8oE2GORbq5aRK7Bxl4FyzVLdGtLmvLKL7BTDBG5ACQm4HWjTA=="
  "resolved" "https://registry.npmjs.org/immer/-/immer-9.0.21.tgz"
  "version" "9.0.21"

"indent-string@^4.0.0":
  "integrity" "sha512-EdDDZu4A2OyIK7Lr/2zG+w5jmbuk1DVBnEwREQvBzspBJkCEbRa8GxU1lghYcaGJCnRWibjDXlq779X1/y5xwg=="
  "resolved" "https://registry.npmjs.org/indent-string/-/indent-string-4.0.0.tgz"
  "version" "4.0.0"

"internal-slot@^1.0.4":
  "integrity" "sha512-NGnrKwXzSms2qUUih/ILZ5JBqNTSa1+ZmP6flaIp6KmSElgE9qdndzS3cqjrDovwFdmwsGsLdeFgB6suw+1e9g=="
  "resolved" "https://registry.npmjs.org/internal-slot/-/internal-slot-1.0.7.tgz"
  "version" "1.0.7"
  dependencies:
    "es-errors" "^1.3.0"
    "hasown" "^2.0.0"
    "side-channel" "^1.0.4"

"is-arguments@^1.1.1":
  "integrity" "sha512-8Q7EARjzEnKpt/PCD7e1cgUS0a6X8u5tdSiMqXhojOdoV9TsMsiO+9VLC5vAmO8N7/GmXn7yjR8qnA6bVAEzfA=="
  "resolved" "https://registry.npmjs.org/is-arguments/-/is-arguments-1.1.1.tgz"
  "version" "1.1.1"
  dependencies:
    "call-bind" "^1.0.2"
    "has-tostringtag" "^1.0.0"

"is-array-buffer@^3.0.2", "is-array-buffer@^3.0.4":
  "integrity" "sha512-wcjaerHw0ydZwfhiKbXJWLDY8A7yV7KhjQOpb83hGgGfId/aQa4TOvwyzn2PuswW2gPCYEL/nEAiSVpdOj1lXw=="
  "resolved" "https://registry.npmjs.org/is-array-buffer/-/is-array-buffer-3.0.4.tgz"
  "version" "3.0.4"
  dependencies:
    "call-bind" "^1.0.2"
    "get-intrinsic" "^1.2.1"

"is-arrayish@^0.3.1":
  "integrity" "sha512-eVRqCvVlZbuw3GrM63ovNSNAeA1K16kaR/LRY/92w0zxQ5/1YzwblUX652i4Xs9RwAGjW9d9y6X88t8OaAJfWQ=="
  "resolved" "https://registry.npmjs.org/is-arrayish/-/is-arrayish-0.3.2.tgz"
  "version" "0.3.2"

"is-bigint@^1.0.1":
  "integrity" "sha512-zB9CruMamjym81i2JZ3UMn54PKGsQzsJeo6xvN3HJJ4CAsQNB6iRutp2To77OfCNuoxspsIhzaPoO1zyCEhFOg=="
  "resolved" "https://registry.npmjs.org/is-bigint/-/is-bigint-1.0.4.tgz"
  "version" "1.0.4"
  dependencies:
    "has-bigints" "^1.0.1"

"is-boolean-object@^1.1.0":
  "integrity" "sha512-gDYaKHJmnj4aWxyj6YHyXVpdQawtVLHU5cb+eztPGczf6cjuTdwve5ZIEfgXqH4e57An1D1AKf8CZ3kYrQRqYA=="
  "resolved" "https://registry.npmjs.org/is-boolean-object/-/is-boolean-object-1.1.2.tgz"
  "version" "1.1.2"
  dependencies:
    "call-bind" "^1.0.2"
    "has-tostringtag" "^1.0.0"

"is-callable@^1.1.3":
  "integrity" "sha512-1BC0BVFhS/p0qtw6enp8e+8OD0UrK0oFLztSjNzhcKA3WDuJxxAPXzPuPtKkjEY9UUoEWlX/8fgKeu2S8i9JTA=="
  "resolved" "https://registry.npmjs.org/is-callable/-/is-callable-1.2.7.tgz"
  "version" "1.2.7"

"is-date-object@^1.0.5":
  "integrity" "sha512-9YQaSxsAiSwcvS33MBk3wTCVnWK+HhF8VZR2jRxehM16QcVOdHqPn4VPHmRK4lSr38n9JriurInLcP90xsYNfQ=="
  "resolved" "https://registry.npmjs.org/is-date-object/-/is-date-object-1.0.5.tgz"
  "version" "1.0.5"
  dependencies:
    "has-tostringtag" "^1.0.0"

"is-map@^2.0.2", "is-map@^2.0.3":
  "integrity" "sha512-1Qed0/Hr2m+YqxnM09CjA2d/i6YZNfF6R2oRAOj36eUdS6qIV/huPJNSEpKbupewFs+ZsJlxsjjPbc0/afW6Lw=="
  "resolved" "https://registry.npmjs.org/is-map/-/is-map-2.0.3.tgz"
  "version" "2.0.3"

"is-number-object@^1.0.4":
  "integrity" "sha512-k1U0IRzLMo7ZlYIfzRu23Oh6MiIFasgpb9X76eqfFZAqwH44UI4KTBvBYIZ1dSL9ZzChTB9ShHfLkR4pdW5krQ=="
  "resolved" "https://registry.npmjs.org/is-number-object/-/is-number-object-1.0.7.tgz"
  "version" "1.0.7"
  dependencies:
    "has-tostringtag" "^1.0.0"

"is-regex@^1.1.4":
  "integrity" "sha512-kvRdxDsxZjhzUX07ZnLydzS1TU/TJlTUHHY4YLL87e37oUA49DfkLqgy+VjFocowy29cKvcSiu+kIv728jTTVg=="
  "resolved" "https://registry.npmjs.org/is-regex/-/is-regex-1.1.4.tgz"
  "version" "1.1.4"
  dependencies:
    "call-bind" "^1.0.2"
    "has-tostringtag" "^1.0.0"

"is-set@^2.0.2", "is-set@^2.0.3":
  "integrity" "sha512-iPAjerrse27/ygGLxw+EBR9agv9Y6uLeYVJMu+QNCoouJ1/1ri0mGrcWpfCqFZuzzx3WjtwxG098X+n4OuRkPg=="
  "resolved" "https://registry.npmjs.org/is-set/-/is-set-2.0.3.tgz"
  "version" "2.0.3"

"is-shared-array-buffer@^1.0.2":
  "integrity" "sha512-nA2hv5XIhLR3uVzDDfCIknerhx8XUKnstuOERPNNIinXG7v9u+ohXF67vxm4TPTEPU6lm61ZkwP3c9PCB97rhg=="
  "resolved" "https://registry.npmjs.org/is-shared-array-buffer/-/is-shared-array-buffer-1.0.3.tgz"
  "version" "1.0.3"
  dependencies:
    "call-bind" "^1.0.7"

"is-string@^1.0.5", "is-string@^1.0.7":
  "integrity" "sha512-tE2UXzivje6ofPW7l23cjDOMa09gb7xlAqG6jG5ej6uPV32TlWP3NKPigtaGeHNu9fohccRYvIiZMfOOnOYUtg=="
  "resolved" "https://registry.npmjs.org/is-string/-/is-string-1.0.7.tgz"
  "version" "1.0.7"
  dependencies:
    "has-tostringtag" "^1.0.0"

"is-symbol@^1.0.3":
  "integrity" "sha512-C/CPBqKWnvdcxqIARxyOh4v1UUEOCHpgDa0WYgpKDFMszcrPcffg5uhwSgPCLD2WWxmq6isisz87tzT01tuGhg=="
  "resolved" "https://registry.npmjs.org/is-symbol/-/is-symbol-1.0.4.tgz"
  "version" "1.0.4"
  dependencies:
    "has-symbols" "^1.0.2"

"is-weakmap@^2.0.2":
  "integrity" "sha512-K5pXYOm9wqY1RgjpL3YTkF39tni1XajUIkawTLUo9EZEVUFga5gSQJF8nNS7ZwJQ02y+1YCNYcMh+HIf1ZqE+w=="
  "resolved" "https://registry.npmjs.org/is-weakmap/-/is-weakmap-2.0.2.tgz"
  "version" "2.0.2"

"is-weakset@^2.0.3":
  "integrity" "sha512-LvIm3/KWzS9oRFHugab7d+M/GcBXuXX5xZkzPmN+NxihdQlZUQ4dWuSV1xR/sq6upL1TJEDrfBgRepHFdBtSNQ=="
  "resolved" "https://registry.npmjs.org/is-weakset/-/is-weakset-2.0.3.tgz"
  "version" "2.0.3"
  dependencies:
    "call-bind" "^1.0.7"
    "get-intrinsic" "^1.2.4"

"isarray@^2.0.5":
  "integrity" "sha512-xHjhDr3cNBK0BzdUJSPXZntQUx/mwMS5Rw4A7lPJ90XGAO6ISP/ePDNuo0vhqOZU+UD5JoodwCAAoZQd3FeAKw=="
  "resolved" "https://registry.npmjs.org/isarray/-/isarray-2.0.5.tgz"
  "version" "2.0.5"

"jest-diff@^27.5.1":
  "integrity" "sha512-m0NvkX55LDt9T4mctTEgnZk3fmEg3NRYutvMPWM/0iPnkFj2wIeF45O1718cMSOFO1vINkqmxqD8vE37uTEbqw=="
  "resolved" "https://registry.npmjs.org/jest-diff/-/jest-diff-27.5.1.tgz"
  "version" "27.5.1"
  dependencies:
    "chalk" "^4.0.0"
    "diff-sequences" "^27.5.1"
    "jest-get-type" "^27.5.1"
    "pretty-format" "^27.5.1"

"jest-get-type@^27.5.1":
  "integrity" "sha512-2KY95ksYSaK7DMBWQn6dQz3kqAf3BB64y2udeG+hv4KfSOb9qwcYQstTJc1KCbsix+wLZWZYN8t7nwX3GOBLRw=="
  "resolved" "https://registry.npmjs.org/jest-get-type/-/jest-get-type-27.5.1.tgz"
  "version" "27.5.1"

"jest-matcher-utils@^27.0.0":
  "integrity" "sha512-z2uTx/T6LBaCoNWNFWwChLBKYxTMcGBRjAt+2SbP929/Fflb9aa5LGma654Rz8z9HLxsrUaYzxE9T/EFIL/PAw=="
  "resolved" "https://registry.npmjs.org/jest-matcher-utils/-/jest-matcher-utils-27.5.1.tgz"
  "version" "27.5.1"
  dependencies:
    "chalk" "^4.0.0"
    "jest-diff" "^27.5.1"
    "jest-get-type" "^27.5.1"
    "pretty-format" "^27.5.1"

"js-tokens@^4.0.0":
  "integrity" "sha512-RdJUflcE3cUzKiMqQgsCu06FPu9UdIJO0beYbPhHN4k6apgJtifcoCtT9bcxOpYBtpD2kCM6Sbzg4CausW/PKQ=="
  "resolved" "https://registry.npmjs.org/js-tokens/-/js-tokens-4.0.0.tgz"
  "version" "4.0.0"

"lodash@^4.17.15":
  "integrity" "sha512-v2kDEe57lecTulaDIuNTPy3Ry4gLGJ6Z1O3vE1krgXZNrsQ+LFTGHVxVjcXPs17LhbZVGedAJv8XZ1tvj5FvSg=="
  "resolved" "https://registry.npmjs.org/lodash/-/lodash-4.17.21.tgz"
  "version" "4.17.21"

"lz-string@^1.5.0":
  "integrity" "sha512-h5bgJWpxJNswbU7qCrV0tIKQCaS3blPDrqKWx+QxzuzL1zGUzij9XCWLrSLsJPu5t+eWA/ycetzYAO5IOMcWAQ=="
  "resolved" "https://registry.npmjs.org/lz-string/-/lz-string-1.5.0.tgz"
  "version" "1.5.0"

"mime-db@1.52.0":
  "integrity" "sha512-sPU4uV7dYlvtWJxwwxHD0PuihVNiE7TyAbQ5SWxDCB9mUYvOgroQOwYQQOKPJ8CIbE+1ETVlOoK1UC2nU3gYvg=="
  "resolved" "https://registry.npmjs.org/mime-db/-/mime-db-1.52.0.tgz"
  "version" "1.52.0"

"mime-types@^2.1.12":
  "integrity" "sha512-ZDY+bPm5zTTF+YpCrAU9nK0UgICYPT0QtT1NZWFv4s++TNkcgVaT0g6+4R2uI4MjQjzysHB1zxuWL50hzaeXiw=="
  "resolved" "https://registry.npmjs.org/mime-types/-/mime-types-2.1.35.tgz"
  "version" "2.1.35"
  dependencies:
    "mime-db" "1.52.0"

"min-indent@^1.0.0":
  "integrity" "sha512-I9jwMn07Sy/IwOj3zVkVik2JTvgpaykDZEigL6Rx6N9LbMywwUSMtxET+7lVoDLLd3O3IXwJwvuuns8UB/HeAg=="
  "resolved" "https://registry.npmjs.org/min-indent/-/min-indent-1.0.1.tgz"
  "version" "1.0.1"

"nanoid@^3.3.6", "nanoid@^3.3.7":
  "integrity" "sha512-eSRppjcPIatRIMC1U6UngP8XFcz8MQWGQdt1MTBQ7NaAmvXDfvNxbvWV3x2y6CdEUciCSsDHDQZbhYaB8QEo2g=="
  "resolved" "https://registry.npmjs.org/nanoid/-/nanoid-3.3.7.tgz"
  "version" "3.3.7"

"next@^15.0.1":
  "integrity" "sha512-PSkFkr/w7UnFWm+EP8y/QpHrJXMqpZzAXpergB/EqLPOh4SGPJXv1wj4mslr2hUZBAS9pX7/9YLIdxTv6fwytw=="
  "resolved" "https://registry.npmjs.org/next/-/next-15.0.1.tgz"
  "version" "15.0.1"
  dependencies:
    "@next/env" "15.0.1"
    "@swc/counter" "0.1.3"
    "@swc/helpers" "0.5.13"
    "busboy" "1.6.0"
    "caniuse-lite" "^1.0.30001579"
    "postcss" "8.4.31"
    "styled-jsx" "5.1.6"
  optionalDependencies:
    "@next/swc-darwin-arm64" "15.0.1"
    "@next/swc-darwin-x64" "15.0.1"
    "@next/swc-linux-arm64-gnu" "15.0.1"
    "@next/swc-linux-arm64-musl" "15.0.1"
    "@next/swc-linux-x64-gnu" "15.0.1"
    "@next/swc-linux-x64-musl" "15.0.1"
    "@next/swc-win32-arm64-msvc" "15.0.1"
    "@next/swc-win32-x64-msvc" "15.0.1"
    "sharp" "^0.33.5"

"object-inspect@^1.13.1":
  "integrity" "sha512-IRZSRuzJiynemAXPYtPe5BoI/RESNYR7TYm50MC5Mqbd3Jmw5y790sErYw3V6SryFJD64b74qQQs9wn5Bg/k3g=="
  "resolved" "https://registry.npmjs.org/object-inspect/-/object-inspect-1.13.2.tgz"
  "version" "1.13.2"

"object-is@^1.1.5":
  "integrity" "sha512-F8cZ+KfGlSGi09lJT7/Nd6KJZ9ygtvYC0/UYYLI9nmQKLMnydpB9yvbv9K1uSkEu7FU9vYPmVwLg328tX+ot3Q=="
  "resolved" "https://registry.npmjs.org/object-is/-/object-is-1.1.6.tgz"
  "version" "1.1.6"
  dependencies:
    "call-bind" "^1.0.7"
    "define-properties" "^1.2.1"

"object-keys@^1.1.1":
  "integrity" "sha512-NuAESUOUMrlIXOfHKzD6bpPu3tYt3xvjNdRIQ+FeT0lNb4K8WR70CaDxhuNguS2XG+GjkyMwOzsN5ZktImfhLA=="
  "resolved" "https://registry.npmjs.org/object-keys/-/object-keys-1.1.1.tgz"
  "version" "1.1.1"

"object.assign@^4.1.4":
  "integrity" "sha512-byy+U7gp+FVwmyzKPYhW2h5l3crpmGsxl7X2s8y43IgxvG4g3QZ6CffDtsNQy1WsmZpQbO+ybo0AlW7TY6DcBQ=="
  "resolved" "https://registry.npmjs.org/object.assign/-/object.assign-4.1.5.tgz"
  "version" "4.1.5"
  dependencies:
    "call-bind" "^1.0.5"
    "define-properties" "^1.2.1"
    "has-symbols" "^1.0.3"
    "object-keys" "^1.1.1"

"picocolors@^1.0.0":
  "integrity" "sha512-anP1Z8qwhkbmu7MFP5iTt+wQKXgwzf7zTyGlcdzabySa9vd0Xt392U0rVmz9poOaBj0uHJKyyo9/upk0HrEQew=="
  "resolved" "https://registry.npmjs.org/picocolors/-/picocolors-1.0.1.tgz"
  "version" "1.0.1"

"possible-typed-array-names@^1.0.0":
  "integrity" "sha512-d7Uw+eZoloe0EHDIYoe+bQ5WXnGMOpmiZFTuMWCwpjzzkL2nTjcKiAk4hh8TjnGye2TwWOk3UXucZ+3rbmBa8Q=="
  "resolved" "https://registry.npmjs.org/possible-typed-array-names/-/possible-typed-array-names-1.0.0.tgz"
  "version" "1.0.0"

"postcss-value-parser@^4.0.2":
  "integrity" "sha512-1NNCs6uurfkVbeXG4S8JFT9t19m45ICnif8zWLd5oPSZ50QnwMfK+H3jv408d4jw/7Bttv5axS5IiHoLaVNHeQ=="
  "resolved" "https://registry.npmjs.org/postcss-value-parser/-/postcss-value-parser-4.2.0.tgz"
  "version" "4.2.0"

"postcss@8.4.31":
  "integrity" "sha512-PS08Iboia9mts/2ygV3eLpY5ghnUcfLV/EXTOW1E2qYxJKGGBUtNjN76FYHnMs36RmARn41bC0AZmn+rR0OVpQ=="
  "resolved" "https://registry.npmjs.org/postcss/-/postcss-8.4.31.tgz"
  "version" "8.4.31"
  dependencies:
    "nanoid" "^3.3.6"
    "picocolors" "^1.0.0"
    "source-map-js" "^1.0.2"

"postcss@8.4.38":
  "integrity" "sha512-Wglpdk03BSfXkHoQa3b/oulrotAkwrlLDRSOb9D0bN86FdRyE9lppSp33aHNPgBa0JKCoB+drFLZkQoRRYae5A=="
  "resolved" "https://registry.npmjs.org/postcss/-/postcss-8.4.38.tgz"
  "version" "8.4.38"
  dependencies:
    "nanoid" "^3.3.7"
    "picocolors" "^1.0.0"
    "source-map-js" "^1.2.0"

"pretty-format@^27.0.0", "pretty-format@^27.0.2", "pretty-format@^27.5.1":
  "integrity" "sha512-Qb1gy5OrP5+zDf2Bvnzdl3jsTf1qXVMazbvCoKhtKqVs4/YK4ozX4gKQJJVyNe+cajNPn0KoC0MC3FUmaHWEmQ=="
  "resolved" "https://registry.npmjs.org/pretty-format/-/pretty-format-27.5.1.tgz"
  "version" "27.5.1"
  dependencies:
    "ansi-regex" "^5.0.1"
    "ansi-styles" "^5.0.0"
    "react-is" "^17.0.1"

"proxy-from-env@^1.1.0":
  "integrity" "sha512-D+zkORCbA9f1tdWRK0RaCR3GPv50cMxcrz4X8k5LTSUD1Dkw47mKJEZQNunItRTkWwgtaUSo1RVFRIG9ZXiFYg=="
  "resolved" "https://registry.npmjs.org/proxy-from-env/-/proxy-from-env-1.1.0.tgz"
  "version" "1.1.0"

"react-dom@^18.0.0", "react-dom@^18.2.0 || 19.0.0-rc-69d4b800-20241021", "react-dom@>= 16.8.0", "react-dom@>=16.8.0", "react-dom@19.0.0-rc-02c0e824-20241028":
  "integrity" "sha512-LrZf3DfHL6Fs07wwlUCHrzFTCMM19yA99MvJpfLokN4I2nBAZvREGZjZAn8VPiSfN72+i9j1eL4wB8gC695F3Q=="
  "resolved" "https://registry.npmjs.org/react-dom/-/react-dom-19.0.0-rc-02c0e824-20241028.tgz"
  "version" "19.0.0-rc-02c0e824-20241028"
  dependencies:
    "scheduler" "0.25.0-rc-02c0e824-20241028"

"react-is@^17.0.1":
  "integrity" "sha512-w2GsyukL62IJnlaff/nRegPQR94C/XXamvMWmSHRJ4y7Ts/4ocGRmTHvOs8PSE6pB3dWOrD/nueuU5sduBsQ4w=="
  "resolved" "https://registry.npmjs.org/react-is/-/react-is-17.0.2.tgz"
  "version" "17.0.2"

"react@^16.8.0 || ^17.0.0 || ^18.0.0", "react@^18 || ^19", "react@^18.0.0", "react@^18.2.0 || 19.0.0-rc-69d4b800-20241021", "react@>= 16.8.0", "react@>= 16.8.0 || 17.x.x || ^18.0.0-0 || ^19.0.0-0", "react@>=16.8", "react@>=16.8.0", "react@19.0.0-rc-02c0e824-20241028":
  "integrity" "sha512-GbZ7hpPHQMiEu53BqEaPQVM/4GG4hARo+mqEEnx4rYporDvNvUjutiAFxYFSbu6sgHwcr7LeFv8htEOwALVA2A=="
  "resolved" "https://registry.npmjs.org/react/-/react-19.0.0-rc-02c0e824-20241028.tgz"
  "version" "19.0.0-rc-02c0e824-20241028"

"redent@^3.0.0":
  "integrity" "sha512-6tDA8g98We0zd0GvVeMT9arEOnTw9qM03L9cJXaCjrip1OO764RDBLBfrB4cwzNGDj5OA5ioymC9GkizgWJDUg=="
  "resolved" "https://registry.npmjs.org/redent/-/redent-3.0.0.tgz"
  "version" "3.0.0"
  dependencies:
    "indent-string" "^4.0.0"
    "strip-indent" "^3.0.0"

"regenerator-runtime@^0.14.0":
  "integrity" "sha512-dYnhHh0nJoMfnkZs6GmmhFknAGRrLznOu5nc9ML+EJxGvrx6H7teuevqVqCuPcPK//3eDrrjQhehXVx9cnkGdw=="
  "resolved" "https://registry.npmjs.org/regenerator-runtime/-/regenerator-runtime-0.14.1.tgz"
  "version" "0.14.1"

"regexp.prototype.flags@^1.5.1":
  "integrity" "sha512-NcDiDkTLuPR+++OCKB0nWafEmhg/Da8aUPLPMQbK+bxKKCm1/S5he+AqYa4PlMCVBalb4/yxIRub6qkEx5yJbw=="
  "resolved" "https://registry.npmjs.org/regexp.prototype.flags/-/regexp.prototype.flags-1.5.2.tgz"
  "version" "1.5.2"
  dependencies:
    "call-bind" "^1.0.6"
    "define-properties" "^1.2.1"
    "es-errors" "^1.3.0"
    "set-function-name" "^2.0.1"

"scheduler@0.25.0-rc-02c0e824-20241028":
  "integrity" "sha512-GysnKjmMSaWcwsKTLzeJO0IhU3EyIiC0ivJKE6yDNLqt3IMxDByx8b6lSNXRNdN+ULUY0WLLjSPaZ0LuU/GnTg=="
  "resolved" "https://registry.npmjs.org/scheduler/-/scheduler-0.25.0-rc-02c0e824-20241028.tgz"
  "version" "0.25.0-rc-02c0e824-20241028"

"semver@^7.6.3":
  "integrity" "sha512-oVekP1cKtI+CTDvHWYFUcMtsK/00wmAEfyqKfNdARm8u1wNVhSgaX7A8d4UuIlUI5e84iEwOhs7ZPYRmzU9U6A=="
  "resolved" "https://registry.npmjs.org/semver/-/semver-7.6.3.tgz"
  "version" "7.6.3"

"set-function-length@^1.2.1":
  "integrity" "sha512-pgRc4hJ4/sNjWCSS9AmnS40x3bNMDTknHgL5UaMBTMyJnU90EgWh1Rz+MC9eFu4BuN/UwZjKQuY/1v3rM7HMfg=="
  "resolved" "https://registry.npmjs.org/set-function-length/-/set-function-length-1.2.2.tgz"
  "version" "1.2.2"
  dependencies:
    "define-data-property" "^1.1.4"
    "es-errors" "^1.3.0"
    "function-bind" "^1.1.2"
    "get-intrinsic" "^1.2.4"
    "gopd" "^1.0.1"
    "has-property-descriptors" "^1.0.2"

"set-function-name@^2.0.1":
  "integrity" "sha512-7PGFlmtwsEADb0WYyvCMa1t+yke6daIG4Wirafur5kcf+MhUnPms1UeR0CKQdTZD81yESwMHbtn+TR+dMviakQ=="
  "resolved" "https://registry.npmjs.org/set-function-name/-/set-function-name-2.0.2.tgz"
  "version" "2.0.2"
  dependencies:
    "define-data-property" "^1.1.4"
    "es-errors" "^1.3.0"
    "functions-have-names" "^1.2.3"
    "has-property-descriptors" "^1.0.2"

"shallowequal@1.1.0":
  "integrity" "sha512-y0m1JoUZSlPAjXVtPPW70aZWfIL/dSP7AFkRnniLCrK/8MDKog3TySTBmckD+RObVxH0v4Tox67+F14PdED2oQ=="
  "resolved" "https://registry.npmjs.org/shallowequal/-/shallowequal-1.1.0.tgz"
  "version" "1.1.0"

"sharp@^0.33.5":
  "integrity" "sha512-haPVm1EkS9pgvHrQ/F3Xy+hgcuMV0Wm9vfIBSiwZ05k+xgb0PkBQpGsAA/oWdDobNaZTH5ppvHtzCFbnSEwHVw=="
  "resolved" "https://registry.npmjs.org/sharp/-/sharp-0.33.5.tgz"
  "version" "0.33.5"
  dependencies:
    "color" "^4.2.3"
    "detect-libc" "^2.0.3"
    "semver" "^7.6.3"
  optionalDependencies:
    "@img/sharp-darwin-arm64" "0.33.5"
    "@img/sharp-darwin-x64" "0.33.5"
    "@img/sharp-libvips-darwin-arm64" "1.0.4"
    "@img/sharp-libvips-darwin-x64" "1.0.4"
    "@img/sharp-libvips-linux-arm" "1.0.5"
    "@img/sharp-libvips-linux-arm64" "1.0.4"
    "@img/sharp-libvips-linux-s390x" "1.0.4"
    "@img/sharp-libvips-linux-x64" "1.0.4"
    "@img/sharp-libvips-linuxmusl-arm64" "1.0.4"
    "@img/sharp-libvips-linuxmusl-x64" "1.0.4"
    "@img/sharp-linux-arm" "0.33.5"
    "@img/sharp-linux-arm64" "0.33.5"
    "@img/sharp-linux-s390x" "0.33.5"
    "@img/sharp-linux-x64" "0.33.5"
    "@img/sharp-linuxmusl-arm64" "0.33.5"
    "@img/sharp-linuxmusl-x64" "0.33.5"
    "@img/sharp-wasm32" "0.33.5"
    "@img/sharp-win32-ia32" "0.33.5"
    "@img/sharp-win32-x64" "0.33.5"

"side-channel@^1.0.4":
  "integrity" "sha512-fDW/EZ6Q9RiO8eFG8Hj+7u/oW+XrPTIChwCOM2+th2A6OblDtYYIpve9m+KvI9Z4C9qSEXlaGR6bTEYHReuglA=="
  "resolved" "https://registry.npmjs.org/side-channel/-/side-channel-1.0.6.tgz"
  "version" "1.0.6"
  dependencies:
    "call-bind" "^1.0.7"
    "es-errors" "^1.3.0"
    "get-intrinsic" "^1.2.4"
    "object-inspect" "^1.13.1"

"simple-swizzle@^0.2.2":
  "integrity" "sha512-JA//kQgZtbuY83m+xT+tXJkmJncGMTFT+C+g2h2R9uxkYIrE2yy9sgmcLhCnw57/WSD+Eh3J97FPEDFnbXnDUg=="
  "resolved" "https://registry.npmjs.org/simple-swizzle/-/simple-swizzle-0.2.2.tgz"
  "version" "0.2.2"
  dependencies:
    "is-arrayish" "^0.3.1"

"source-map-js@^1.0.2", "source-map-js@^1.2.0":
  "integrity" "sha512-itJW8lvSA0TXEphiRoawsCksnlf8SyvmFzIhltqAHluXd88pkCd+cXJVHTDwdCr0IzwptSm035IHQktUu1QUMg=="
  "resolved" "https://registry.npmjs.org/source-map-js/-/source-map-js-1.2.0.tgz"
  "version" "1.2.0"

"stop-iteration-iterator@^1.0.0":
  "integrity" "sha512-iCGQj+0l0HOdZ2AEeBADlsRC+vsnDsZsbdSiH1yNSjcfKM7fdpCMfqAL/dwF5BLiw/XhRft/Wax6zQbhq2BcjQ=="
  "resolved" "https://registry.npmjs.org/stop-iteration-iterator/-/stop-iteration-iterator-1.0.0.tgz"
  "version" "1.0.0"
  dependencies:
    "internal-slot" "^1.0.4"

"streamsearch@^1.1.0":
  "integrity" "sha512-Mcc5wHehp9aXz1ax6bZUyY5afg9u2rv5cqQI3mRrYkGC8rW2hM02jWuwjtL++LS5qinSyhj2QfLyNsuc+VsExg=="
  "resolved" "https://registry.npmjs.org/streamsearch/-/streamsearch-1.1.0.tgz"
  "version" "1.1.0"

"strip-indent@^3.0.0":
  "integrity" "sha512-laJTa3Jb+VQpaC6DseHhF7dXVqHTfJPCRDaEbid/drOhgitgYku/letMUqOXFoWV0zIIUbjpdH2t+tYj4bQMRQ=="
  "resolved" "https://registry.npmjs.org/strip-indent/-/strip-indent-3.0.0.tgz"
  "version" "3.0.0"
  dependencies:
    "min-indent" "^1.0.0"

"styled-components@^6.1.12", "styled-components@>=4.0.0 || >=5.0.0 || >=6.0.0":
  "integrity" "sha512-n/O4PzRPhbYI0k1vKKayfti3C/IGcPf+DqcrOB7O/ab9x4u/zjqraneT5N45+sIe87cxrCApXM8Bna7NYxwoTA=="
  "resolved" "https://registry.npmjs.org/styled-components/-/styled-components-6.1.12.tgz"
  "version" "6.1.12"
  dependencies:
    "@emotion/is-prop-valid" "1.2.2"
    "@emotion/unitless" "0.8.1"
    "@types/stylis" "4.2.5"
    "css-to-react-native" "3.2.0"
    "csstype" "3.1.3"
    "postcss" "8.4.38"
    "shallowequal" "1.1.0"
    "stylis" "4.3.2"
    "tslib" "2.6.2"

"styled-jsx@5.1.6":
  "integrity" "sha512-qSVyDTeMotdvQYoHWLNGwRFJHC+i+ZvdBRYosOFgC+Wg1vx4frN2/RG/NA7SYqqvKNLf39P2LSRA2pu6n0XYZA=="
  "resolved" "https://registry.npmjs.org/styled-jsx/-/styled-jsx-5.1.6.tgz"
  "version" "5.1.6"
  dependencies:
    "client-only" "0.0.1"

"styled-reset@^4.5.2":
  "integrity" "sha512-dbAaaVEhweBs2FGfqGBdW6oMcMK8238C2X5KCxBhUQJX92m/QyUfzRADOXhdXiXNkIPELtMCd72YY9eCdORfIw=="
  "resolved" "https://registry.npmjs.org/styled-reset/-/styled-reset-4.5.2.tgz"
  "version" "4.5.2"

"stylis@4.3.2":
  "integrity" "sha512-bhtUjWd/z6ltJiQwg0dUfxEJ+W+jdqQd8TbWLWyeIJHlnsqmGLRFFd8e5mA0AZi/zx90smXRlN66YMTcaSFifg=="
  "resolved" "https://registry.npmjs.org/stylis/-/stylis-4.3.2.tgz"
  "version" "4.3.2"

"supports-color@^5.3.0":
  "integrity" "sha512-QjVjwdXIt408MIiAqCX4oUKsgU2EqAGzs2Ppkm4aQYbjm+ZEWEcW4SfFNTr4uMNZma0ey4f5lgLrkB0aX0QMow=="
  "resolved" "https://registry.npmjs.org/supports-color/-/supports-color-5.5.0.tgz"
  "version" "5.5.0"
  dependencies:
    "has-flag" "^3.0.0"

"supports-color@^7.1.0":
  "integrity" "sha512-qpCAvRl9stuOHveKsn7HncJRvv501qIacKzQlO/+Lwxc9+0q2wLyv4Dfvt80/DPn2pqOBsJdDiogXGR9+OvwRw=="
  "resolved" "https://registry.npmjs.org/supports-color/-/supports-color-7.2.0.tgz"
  "version" "7.2.0"
  dependencies:
    "has-flag" "^4.0.0"

"tslib@^2.4.0":
  "integrity" "sha512-gLXCKdN1/j47AiHiOkJN69hJmcbGTHI0ImLmbYLHykhgeN0jVGola9yVjFgzCUklsZQMW55o+dW7IXv3RCXDzA=="
  "resolved" "https://registry.npmjs.org/tslib/-/tslib-2.7.0.tgz"
  "version" "2.7.0"

"tslib@2.6.2":
  "integrity" "sha512-AEYxH93jGFPn/a2iVAwW87VuUIkR1FVUKB77NwMF7nBTDkDrrT/Hpt/IrCJ0QXhW27jTBDcf5ZY7w6RiqTMw2Q=="
  "resolved" "https://registry.npmjs.org/tslib/-/tslib-2.6.2.tgz"
  "version" "2.6.2"

"typescript@^4.9.5":
  "integrity" "sha512-1FXk9E2Hm+QzZQ7z+McJiHL4NW1F2EzMu9Nq9i3zAaGqibafqYwCVU6WyWAuyQRRzOlxou8xZSyXLEN8oKj24g=="
  "resolved" "https://registry.npmjs.org/typescript/-/typescript-4.9.5.tgz"
  "version" "4.9.5"

"use-sync-external-store@1.2.0":
  "integrity" "sha512-eEgnFxGQ1Ife9bzYs6VLi8/4X6CObHMw9Qr9tPY43iKwsPw8xE8+EFsf/2cFZ5S3esXgpWgtSCtLNS41F+sKPA=="
  "resolved" "https://registry.npmjs.org/use-sync-external-store/-/use-sync-external-store-1.2.0.tgz"
  "version" "1.2.0"

"web-vitals@^2.1.4":
  "integrity" "sha512-sVWcwhU5mX6crfI5Vd2dC4qchyTqxV8URinzt25XqVh+bHEPGH4C3NPrNionCP7Obx59wrYEbNlw4Z8sjALzZg=="
  "resolved" "https://registry.npmjs.org/web-vitals/-/web-vitals-2.1.4.tgz"
  "version" "2.1.4"

"which-boxed-primitive@^1.0.2":
  "integrity" "sha512-bwZdv0AKLpplFY2KZRX6TvyuN7ojjr7lwkg6ml0roIy9YeuSr7JS372qlNW18UQYzgYK9ziGcerWqZOmEn9VNg=="
  "resolved" "https://registry.npmjs.org/which-boxed-primitive/-/which-boxed-primitive-1.0.2.tgz"
  "version" "1.0.2"
  dependencies:
    "is-bigint" "^1.0.1"
    "is-boolean-object" "^1.1.0"
    "is-number-object" "^1.0.4"
    "is-string" "^1.0.5"
    "is-symbol" "^1.0.3"

"which-collection@^1.0.1":
  "integrity" "sha512-K4jVyjnBdgvc86Y6BkaLZEN933SwYOuBFkdmBu9ZfkcAbdVbpITnDmjvZ/aQjRXQrv5EPkTnD1s39GiiqbngCw=="
  "resolved" "https://registry.npmjs.org/which-collection/-/which-collection-1.0.2.tgz"
  "version" "1.0.2"
  dependencies:
    "is-map" "^2.0.3"
    "is-set" "^2.0.3"
    "is-weakmap" "^2.0.2"
    "is-weakset" "^2.0.3"

"which-typed-array@^1.1.13":
  "integrity" "sha512-oV0jmFtUky6CXfkqehVvBP/LSWJ2sy4vWMioiENyJLePrBO/yKyV9OyJySfAKosh+RYkIl5zJCNZ8/4JncrpdA=="
  "resolved" "https://registry.npmjs.org/which-typed-array/-/which-typed-array-1.1.15.tgz"
  "version" "1.1.15"
  dependencies:
    "available-typed-arrays" "^1.0.7"
    "call-bind" "^1.0.7"
    "for-each" "^0.3.3"
    "gopd" "^1.0.1"
    "has-tostringtag" "^1.0.2"

"zustand@^4.5.2":
  "integrity" "sha512-2cN1tPkDVkwCy5ickKrI7vijSjPksFRfqS6237NzT0vqSsztTNnQdHw9mmN7uBdk3gceVXU0a+21jFzFzAc9+g=="
  "resolved" "https://registry.npmjs.org/zustand/-/zustand-4.5.2.tgz"
  "version" "4.5.2"
  dependencies:
    "use-sync-external-store" "1.2.0"
